
Microsoft Visual Studio Solution File, Format Version 12.00
# Visual Studio Version 16
VisualStudioVersion = 25.0.1704.5
MinimumVisualStudioVersion = 10.0.40219.1
Project("{FAE04EC0-301F-11D3-BF4B-00C04F79EFBC}") = "ProblematicProblem", "ProblematicProblem.csproj", "{79DF1FB1-6ABA-42C1-A3CA-E96B3E2D69DA}"
EndProject
Global
	GlobalSection(SolutionConfigurationPlatforms) = preSolution
		Debug|Any CPU = Debug|Any CPU
		Release|Any CPU = Release|Any CPU
	EndGlobalSection
	GlobalSection(ProjectConfigurationPlatforms) = postSolution
		{79DF1FB1-6ABA-42C1-A3CA-E96B3E2D69DA}.Debug|Any CPU.ActiveCfg = Debug|Any CPU
		{79DF1FB1-6ABA-42C1-A3CA-E96B3E2D69DA}.Debug|Any CPU.Build.0 = Debug|Any CPU
		{79DF1FB1-6ABA-42C1-A3CA-E96B3E2D69DA}.Release|Any CPU.ActiveCfg = Release|Any CPU
		{79DF1FB1-6ABA-42C1-A3CA-E96B3E2D69DA}.Release|Any CPU.Build.0 = Release|Any CPU
	EndGlobalSection
	GlobalSection(SolutionProperties) = preSolution
		HideSolutionNode = FALSE
	EndGlobalSection
	GlobalSection(ExtensibilityGlobals) = postSolution
		SolutionGuid = {8E0B7E8F-F563-4099-BF30-0FCA40ED8359}
	EndGlobalSection
EndGlobal
